
Microsoft Visual Studio Solution File, Format Version 12.00
# Visual Studio Version 16
VisualStudioVersion = 16.0.29709.97
MinimumVisualStudioVersion = 10.0.40219.1
Project("{FAE04EC0-301F-11D3-BF4B-00C04F79EFBC}") = "SendingEmail", "SendingEmail\SendingEmail.csproj", "{75F567A4-AFC2-41E0-977F-75D72D2E4FCD}"
EndProject
Global
	GlobalSection(SolutionConfigurationPlatforms) = preSolution
		Debug|Any CPU = Debug|Any CPU
		Release|Any CPU = Release|Any CPU
	EndGlobalSection
	GlobalSection(ProjectConfigurationPlatforms) = postSolution
		{75F567A4-AFC2-41E0-977F-75D72D2E4FCD}.Debug|Any CPU.ActiveCfg = Debug|Any CPU
		{75F567A4-AFC2-41E0-977F-75D72D2E4FCD}.Debug|Any CPU.Build.0 = Debug|Any CPU
		{75F567A4-AFC2-41E0-977F-75D72D2E4FCD}.Release|Any CPU.ActiveCfg = Release|Any CPU
		{75F567A4-AFC2-41E0-977F-75D72D2E4FCD}.Release|Any CPU.Build.0 = Release|Any CPU
	EndGlobalSection
	GlobalSection(SolutionProperties) = preSolution
		HideSolutionNode = FALSE
	EndGlobalSection
	GlobalSection(ExtensibilityGlobals) = postSolution
		SolutionGuid = {ACB3F1E5-921C-454F-940F-E4B75C3FCD40}
	EndGlobalSection
EndGlobal
